
Microsoft Visual Studio Solution File, Format Version 12.00
# Visual Studio Version 16
VisualStudioVersion = 16.0.30717.126
MinimumVisualStudioVersion = 10.0.40219.1
Project("{FAE04EC0-301F-11D3-BF4B-00C04F79EFBC}") = "WeatherApp", "WeatherApp\WeatherApp.csproj", "{0E56D3B1-B683-4AF4-9F66-97325303CE2B}"
EndProject
Global
	GlobalSection(SolutionConfigurationPlatforms) = preSolution
		Debug|Any CPU = Debug|Any CPU
		Release|Any CPU = Release|Any CPU
	EndGlobalSection
	GlobalSection(ProjectConfigurationPlatforms) = postSolution
		{0E56D3B1-B683-4AF4-9F66-97325303CE2B}.Debug|Any CPU.ActiveCfg = Debug|Any CPU
		{0E56D3B1-B683-4AF4-9F66-97325303CE2B}.Debug|Any CPU.Build.0 = Debug|Any CPU
		{0E56D3B1-B683-4AF4-9F66-97325303CE2B}.Release|Any CPU.ActiveCfg = Release|Any CPU
		{0E56D3B1-B683-4AF4-9F66-97325303CE2B}.Release|Any CPU.Build.0 = Release|Any CPU
	EndGlobalSection
	GlobalSection(SolutionProperties) = preSolution
		HideSolutionNode = FALSE
	EndGlobalSection
	GlobalSection(ExtensibilityGlobals) = postSolution
		SolutionGuid = {BFB1524D-5571-4B95-8BA2-BDBE6CDAE897}
	EndGlobalSection
EndGlobal
